
Microsoft Visual Studio Solution File, Format Version 12.00
# Visual Studio Version 16
VisualStudioVersion = 16.0.29025.244
MinimumVisualStudioVersion = 10.0.40219.1
Project("{FAE04EC0-301F-11D3-BF4B-00C04F79EFBC}") = "万能播放控制", "播放控制\万能播放控制.csproj", "{EBDFC774-1BDF-4552-83D5-06DCAA34114A}"
EndProject
Global
	GlobalSection(SolutionConfigurationPlatforms) = preSolution
		Debug|Any CPU = Debug|Any CPU
		Release|Any CPU = Release|Any CPU
	EndGlobalSection
	GlobalSection(ProjectConfigurationPlatforms) = postSolution
		{EBDFC774-1BDF-4552-83D5-06DCAA34114A}.Debug|Any CPU.ActiveCfg = Debug|Any CPU
		{EBDFC774-1BDF-4552-83D5-06DCAA34114A}.Debug|Any CPU.Build.0 = Debug|Any CPU
		{EBDFC774-1BDF-4552-83D5-06DCAA34114A}.Release|Any CPU.ActiveCfg = Release|Any CPU
		{EBDFC774-1BDF-4552-83D5-06DCAA34114A}.Release|Any CPU.Build.0 = Release|Any CPU
	EndGlobalSection
	GlobalSection(SolutionProperties) = preSolution
		HideSolutionNode = FALSE
	EndGlobalSection
	GlobalSection(ExtensibilityGlobals) = postSolution
		SolutionGuid = {7216F600-A014-4A3C-B7D8-08CBFC419312}
	EndGlobalSection
EndGlobal
